<Solution>
  <Project Path="docker-compose.dcproj">
    <Build />
  </Project>
  <Project Path="SIMS.API/SIMS.API.csproj" />
  <Project Path="SIMS.Application/SIMS.Application.csproj" />
  <Project Path="SIMS.Core/SIMS.Core.csproj" />
  <Project Path="SIMS.Infrastructure/SIMS.Infrastructure.csproj" />
</Solution>
